
Microsoft Visual Studio Solution File, Format Version 12.00
# Visual Studio Version 17
VisualStudioVersion = 17.1.32210.238
MinimumVisualStudioVersion = 10.0.40219.1
Project("{FAE04EC0-301F-11D3-BF4B-00C04F79EFBC}") = "WindowsFormsListaSimplementeEnlazada", "WindowsFormsListaSimplementeEnlazada\WindowsFormsListaSimplementeEnlazada.csproj", "{129931B1-F97D-4818-8D49-2B3AD5C5F142}"
EndProject
Global
	GlobalSection(SolutionConfigurationPlatforms) = preSolution
		Debug|Any CPU = Debug|Any CPU
		Release|Any CPU = Release|Any CPU
	EndGlobalSection
	GlobalSection(ProjectConfigurationPlatforms) = postSolution
		{129931B1-F97D-4818-8D49-2B3AD5C5F142}.Debug|Any CPU.ActiveCfg = Debug|Any CPU
		{129931B1-F97D-4818-8D49-2B3AD5C5F142}.Debug|Any CPU.Build.0 = Debug|Any CPU
		{129931B1-F97D-4818-8D49-2B3AD5C5F142}.Release|Any CPU.ActiveCfg = Release|Any CPU
		{129931B1-F97D-4818-8D49-2B3AD5C5F142}.Release|Any CPU.Build.0 = Release|Any CPU
	EndGlobalSection
	GlobalSection(SolutionProperties) = preSolution
		HideSolutionNode = FALSE
	EndGlobalSection
	GlobalSection(ExtensibilityGlobals) = postSolution
		SolutionGuid = {8BBA5B18-E108-443A-A1F2-81DC4F5669D8}
	EndGlobalSection
EndGlobal
